
Microsoft Visual Studio Solution File, Format Version 12.00
# Visual Studio Express 14 for Windows Desktop
VisualStudioVersion = 14.0.25420.1
MinimumVisualStudioVersion = 10.0.40219.1
Project("{FAE04EC0-301F-11D3-BF4B-00C04F79EFBC}") = "Quiz1Results", "Quiz1Results.csproj", "{FF3985FD-AD82-40F6-B464-3ED820F96ECE}"
EndProject
Global
	GlobalSection(SolutionConfigurationPlatforms) = preSolution
		Debug|Any CPU = Debug|Any CPU
		Release|Any CPU = Release|Any CPU
	EndGlobalSection
	GlobalSection(ProjectConfigurationPlatforms) = postSolution
		{FF3985FD-AD82-40F6-B464-3ED820F96ECE}.Debug|Any CPU.ActiveCfg = Debug|Any CPU
		{FF3985FD-AD82-40F6-B464-3ED820F96ECE}.Debug|Any CPU.Build.0 = Debug|Any CPU
		{FF3985FD-AD82-40F6-B464-3ED820F96ECE}.Release|Any CPU.ActiveCfg = Release|Any CPU
		{FF3985FD-AD82-40F6-B464-3ED820F96ECE}.Release|Any CPU.Build.0 = Release|Any CPU
	EndGlobalSection
	GlobalSection(SolutionProperties) = preSolution
		HideSolutionNode = FALSE
	EndGlobalSection
EndGlobal
